
Microsoft Visual Studio Solution File, Format Version 12.00
# Visual Studio Version 17
VisualStudioVersion = 17.14.36109.1 d17.14
MinimumVisualStudioVersion = 10.0.40219.1
Project("{FAE04EC0-301F-11D3-BF4B-00C04F79EFBC}") = "Lab_Orchid_SE161629_API", "Lab_Orchid_SE161629_API.csproj", "{ABBA3E03-C6CF-41DC-859C-2BEA5D7D3622}"
EndProject
Project("{FAE04EC0-301F-11D3-BF4B-00C04F79EFBC}") = "Models", "..\Models\Models.csproj", "{C3788D5C-9A18-459B-9DD9-86C6D1F52578}"
EndProject
Project("{FAE04EC0-301F-11D3-BF4B-00C04F79EFBC}") = "Repositorys", "..\Repository\Repositorys.csproj", "{A988127D-254F-45AB-8FF5-9B110566283A}"
EndProject
Project("{FAE04EC0-301F-11D3-BF4B-00C04F79EFBC}") = "Services", "..\Service\Services.csproj", "{3C724393-D66D-494D-BCAE-93CEC5B6193C}"
EndProject
Project("{FAE04EC0-301F-11D3-BF4B-00C04F79EFBC}") = "BussinessObject", "..\BussinessObject\BussinessObject.csproj", "{B2BEB1B0-5650-494D-8DA7-C5746255332F}"
EndProject
Global
	GlobalSection(SolutionConfigurationPlatforms) = preSolution
		Debug|Any CPU = Debug|Any CPU
		Release|Any CPU = Release|Any CPU
	EndGlobalSection
	GlobalSection(ProjectConfigurationPlatforms) = postSolution
		{ABBA3E03-C6CF-41DC-859C-2BEA5D7D3622}.Debug|Any CPU.ActiveCfg = Debug|Any CPU
		{ABBA3E03-C6CF-41DC-859C-2BEA5D7D3622}.Debug|Any CPU.Build.0 = Debug|Any CPU
		{ABBA3E03-C6CF-41DC-859C-2BEA5D7D3622}.Release|Any CPU.ActiveCfg = Release|Any CPU
		{ABBA3E03-C6CF-41DC-859C-2BEA5D7D3622}.Release|Any CPU.Build.0 = Release|Any CPU
		{C3788D5C-9A18-459B-9DD9-86C6D1F52578}.Debug|Any CPU.ActiveCfg = Debug|Any CPU
		{C3788D5C-9A18-459B-9DD9-86C6D1F52578}.Debug|Any CPU.Build.0 = Debug|Any CPU
		{C3788D5C-9A18-459B-9DD9-86C6D1F52578}.Release|Any CPU.ActiveCfg = Release|Any CPU
		{C3788D5C-9A18-459B-9DD9-86C6D1F52578}.Release|Any CPU.Build.0 = Release|Any CPU
		{A988127D-254F-45AB-8FF5-9B110566283A}.Debug|Any CPU.ActiveCfg = Debug|Any CPU
		{A988127D-254F-45AB-8FF5-9B110566283A}.Debug|Any CPU.Build.0 = Debug|Any CPU
		{A988127D-254F-45AB-8FF5-9B110566283A}.Release|Any CPU.ActiveCfg = Release|Any CPU
		{A988127D-254F-45AB-8FF5-9B110566283A}.Release|Any CPU.Build.0 = Release|Any CPU
		{3C724393-D66D-494D-BCAE-93CEC5B6193C}.Debug|Any CPU.ActiveCfg = Debug|Any CPU
		{3C724393-D66D-494D-BCAE-93CEC5B6193C}.Debug|Any CPU.Build.0 = Debug|Any CPU
		{3C724393-D66D-494D-BCAE-93CEC5B6193C}.Release|Any CPU.ActiveCfg = Release|Any CPU
		{3C724393-D66D-494D-BCAE-93CEC5B6193C}.Release|Any CPU.Build.0 = Release|Any CPU
		{B2BEB1B0-5650-494D-8DA7-C5746255332F}.Debug|Any CPU.ActiveCfg = Debug|Any CPU
		{B2BEB1B0-5650-494D-8DA7-C5746255332F}.Debug|Any CPU.Build.0 = Debug|Any CPU
		{B2BEB1B0-5650-494D-8DA7-C5746255332F}.Release|Any CPU.ActiveCfg = Release|Any CPU
		{B2BEB1B0-5650-494D-8DA7-C5746255332F}.Release|Any CPU.Build.0 = Release|Any CPU
	EndGlobalSection
	GlobalSection(SolutionProperties) = preSolution
		HideSolutionNode = FALSE
	EndGlobalSection
	GlobalSection(ExtensibilityGlobals) = postSolution
		SolutionGuid = {D75D3754-4064-4C65-8C65-CB05DF4BF79F}
	EndGlobalSection
EndGlobal
